// !$*UTF8*$!
{
	archiveVersion = 1;
	classes = {
	};
	objectVersion = 50;
	objects = {

/* Begin PBXBuildFile section */
		E932259C22CF931E0069003C /* Color.xcassets in Resources */ = {isa = PBXBuildFile; fileRef = E932259B22CF931E0069003C /* Color.xcassets */; };
		E93225A122D0D4580069003C /* SignInButtonView.swift in Sources */ = {isa = PBXBuildFile; fileRef = E93225A022D0D4580069003C /* SignInButtonView.swift */; };
		E93225A622D0DD6C0069003C /* DarkModeManager.swift in Sources */ = {isa = PBXBuildFile; fileRef = E93225A522D0DD6C0069003C /* DarkModeManager.swift */; };
		E99D21EB22CF928B000CABCA /* AppDelegate.swift in Sources */ = {isa = PBXBuildFile; fileRef = E99D21EA22CF928B000CABCA /* AppDelegate.swift */; };
		E99D21ED22CF928B000CABCA /* SceneDelegate.swift in Sources */ = {isa = PBXBuildFile; fileRef = E99D21EC22CF928B000CABCA /* SceneDelegate.swift */; };
		E99D21EF22CF928B000CABCA /* MainView.swift in Sources */ = {isa = PBXBuildFile; fileRef = E99D21EE22CF928B000CABCA /* MainView.swift */; };
		E99D21F122CF928D000CABCA /* Assets.xcassets in Resources */ = {isa = PBXBuildFile; fileRef = E99D21F022CF928D000CABCA /* Assets.xcassets */; };
		E99D21F422CF928D000CABCA /* Preview Assets.xcassets in Resources */ = {isa = PBXBuildFile; fileRef = E99D21F322CF928D000CABCA /* Preview Assets.xcassets */; };
		E99D21F722CF928D000CABCA /* LaunchScreen.storyboard in Resources */ = {isa = PBXBuildFile; fileRef = E99D21F522CF928D000CABCA /* LaunchScreen.storyboard */; };
		E99D220222CF928E000CABCA /* WWDC2019Tests.swift in Sources */ = {isa = PBXBuildFile; fileRef = E99D220122CF928E000CABCA /* WWDC2019Tests.swift */; };
/* End PBXBuildFile section */

/* Begin PBXContainerItemProxy section */
		E99D21FE22CF928E000CABCA /* PBXContainerItemProxy */ = {
			isa = PBXContainerItemProxy;
			containerPortal = E99D21DF22CF928B000CABCA /* Project object */;
			proxyType = 1;
			remoteGlobalIDString = E99D21E622CF928B000CABCA;
			remoteInfo = WWDC2019;
		};
/* End PBXContainerItemProxy section */

/* Begin PBXFileReference section */
		E932259B22CF931E0069003C /* Color.xcassets */ = {isa = PBXFileReference; lastKnownFileType = folder.assetcatalog; path = Color.xcassets; sourceTree = "<group>"; };
		E932259F22D0A3620069003C /* WWDC2019.entitlements */ = {isa = PBXFileReference; lastKnownFileType = text.plist.entitlements; path = WWDC2019.entitlements; sourceTree = "<group>"; };
		E93225A022D0D4580069003C /* SignInButtonView.swift */ = {isa = PBXFileReference; lastKnownFileType = sourcecode.swift; path = SignInButtonView.swift; sourceTree = "<group>"; };
		E93225A522D0DD6C0069003C /* DarkModeManager.swift */ = {isa = PBXFileReference; lastKnownFileType = sourcecode.swift; path = DarkModeManager.swift; sourceTree = "<group>"; };
		E99D21E722CF928B000CABCA /* WWDC2019.app */ = {isa = PBXFileReference; explicitFileType = wrapper.application; includeInIndex = 0; path = WWDC2019.app; sourceTree = BUILT_PRODUCTS_DIR; };
		E99D21EA22CF928B000CABCA /* AppDelegate.swift */ = {isa = PBXFileReference; lastKnownFileType = sourcecode.swift; path = AppDelegate.swift; sourceTree = "<group>"; };
		E99D21EC22CF928B000CABCA /* SceneDelegate.swift */ = {isa = PBXFileReference; lastKnownFileType = sourcecode.swift; path = SceneDelegate.swift; sourceTree = "<group>"; };
		E99D21EE22CF928B000CABCA /* MainView.swift */ = {isa = PBXFileReference; lastKnownFileType = sourcecode.swift; path = MainView.swift; sourceTree = "<group>"; };
		E99D21F022CF928D000CABCA /* Assets.xcassets */ = {isa = PBXFileReference; lastKnownFileType = folder.assetcatalog; path = Assets.xcassets; sourceTree = "<group>"; };
		E99D21F322CF928D000CABCA /* Preview Assets.xcassets */ = {isa = PBXFileReference; lastKnownFileType = folder.assetcatalog; path = "Preview Assets.xcassets"; sourceTree = "<group>"; };
		E99D21F622CF928D000CABCA /* Base */ = {isa = PBXFileReference; lastKnownFileType = file.storyboard; name = Base; path = Base.lproj/LaunchScreen.storyboard; sourceTree = "<group>"; };
		E99D21F822CF928D000CABCA /* Info.plist */ = {isa = PBXFileReference; lastKnownFileType = text.plist.xml; path = Info.plist; sourceTree = "<group>"; };
		E99D21FD22CF928E000CABCA /* WWDC2019Tests.xctest */ = {isa = PBXFileReference; explicitFileType = wrapper.cfbundle; includeInIndex = 0; path = WWDC2019Tests.xctest; sourceTree = BUILT_PRODUCTS_DIR; };
		E99D220122CF928E000CABCA /* WWDC2019Tests.swift */ = {isa = PBXFileReference; lastKnownFileType = sourcecode.swift; path = WWDC2019Tests.swift; sourceTree = "<group>"; };
		E99D220322CF928E000CABCA /* Info.plist */ = {isa = PBXFileReference; lastKnownFileType = text.plist.xml; path = Info.plist; sourceTree = "<group>"; };
/* End PBXFileReference section */

/* Begin PBXFrameworksBuildPhase section */
		E99D21E422CF928B000CABCA /* Frameworks */ = {
			isa = PBXFrameworksBuildPhase;
			buildActionMask = 2147483647;
			files = (
			);
			runOnlyForDeploymentPostprocessing = 0;
		};
		E99D21FA22CF928E000CABCA /* Frameworks */ = {
			isa = PBXFrameworksBuildPhase;
			buildActionMask = 2147483647;
			files = (
			);
			runOnlyForDeploymentPostprocessing = 0;
		};
/* End PBXFrameworksBuildPhase section */

/* Begin PBXGroup section */
		E93225A222D0D4880069003C /* View */ = {
			isa = PBXGroup;
			children = (
				E99D21EE22CF928B000CABCA /* MainView.swift */,
				E93225A022D0D4580069003C /* SignInButtonView.swift */,
			);
			path = View;
			sourceTree = "<group>";
		};
		E93225A322D0D4940069003C /* Delegate */ = {
			isa = PBXGroup;
			children = (
				E99D21EA22CF928B000CABCA /* AppDelegate.swift */,
				E99D21EC22CF928B000CABCA /* SceneDelegate.swift */,
			);
			path = Delegate;
			sourceTree = "<group>";
		};
		E93225A422D0D4A00069003C /* Assets */ = {
			isa = PBXGroup;
			children = (
				E99D21F022CF928D000CABCA /* Assets.xcassets */,
				E932259B22CF931E0069003C /* Color.xcassets */,
			);
			path = Assets;
			sourceTree = "<group>";
		};
		E99D21DE22CF928B000CABCA = {
			isa = PBXGroup;
			children = (
				E99D21E922CF928B000CABCA /* WWDC2019 */,
				E99D220022CF928E000CABCA /* WWDC2019Tests */,
				E99D21E822CF928B000CABCA /* Products */,
			);
			sourceTree = "<group>";
		};
		E99D21E822CF928B000CABCA /* Products */ = {
			isa = PBXGroup;
			children = (
				E99D21E722CF928B000CABCA /* WWDC2019.app */,
				E99D21FD22CF928E000CABCA /* WWDC2019Tests.xctest */,
			);
			name = Products;
			sourceTree = "<group>";
		};
		E99D21E922CF928B000CABCA /* WWDC2019 */ = {
			isa = PBXGroup;
			children = (
				E932259F22D0A3620069003C /* WWDC2019.entitlements */,
				E93225A322D0D4940069003C /* Delegate */,
				E93225A522D0DD6C0069003C /* DarkModeManager.swift */,
				E93225A222D0D4880069003C /* View */,
				E93225A422D0D4A00069003C /* Assets */,
				E99D21F522CF928D000CABCA /* LaunchScreen.storyboard */,
				E99D21F822CF928D000CABCA /* Info.plist */,
				E99D21F222CF928D000CABCA /* Preview Content */,
			);
			path = WWDC2019;
			sourceTree = "<group>";
		};
		E99D21F222CF928D000CABCA /* Preview Content */ = {
			isa = PBXGroup;
			children = (
				E99D21F322CF928D000CABCA /* Preview Assets.xcassets */,
			);
			path = "Preview Content";
			sourceTree = "<group>";
		};
		E99D220022CF928E000CABCA /* WWDC2019Tests */ = {
			isa = PBXGroup;
			children = (
				E99D220122CF928E000CABCA /* WWDC2019Tests.swift */,
				E99D220322CF928E000CABCA /* Info.plist */,
			);
			path = WWDC2019Tests;
			sourceTree = "<group>";
		};
/* End PBXGroup section */

/* Begin PBXNativeTarget section */
		E99D21E622CF928B000CABCA /* WWDC2019 */ = {
			isa = PBXNativeTarget;
			buildConfigurationList = E99D220622CF928E000CABCA /* Build configuration list for PBXNativeTarget "WWDC2019" */;
			buildPhases = (
				E99D21E322CF928B000CABCA /* Sources */,
				E99D21E422CF928B000CABCA /* Frameworks */,
				E99D21E522CF928B000CABCA /* Resources */,
			);
			buildRules = (
			);
			dependencies = (
			);
			name = WWDC2019;
			productName = WWDC2019;
			productReference = E99D21E722CF928B000CABCA /* WWDC2019.app */;
			productType = "com.apple.product-type.application";
		};
		E99D21FC22CF928E000CABCA /* WWDC2019Tests */ = {
			isa = PBXNativeTarget;
			buildConfigurationList = E99D220922CF928E000CABCA /* Build configuration list for PBXNativeTarget "WWDC2019Tests" */;
			buildPhases = (
				E99D21F922CF928E000CABCA /* Sources */,
				E99D21FA22CF928E000CABCA /* Frameworks */,
				E99D21FB22CF928E000CABCA /* Resources */,
			);
			buildRules = (
			);
			dependencies = (
				E99D21FF22CF928E000CABCA /* PBXTargetDependency */,
			);
			name = WWDC2019Tests;
			productName = WWDC2019Tests;
			productReference = E99D21FD22CF928E000CABCA /* WWDC2019Tests.xctest */;
			productType = "com.apple.product-type.bundle.unit-test";
		};
/* End PBXNativeTarget section */

/* Begin PBXProject section */
		E99D21DF22CF928B000CABCA /* Project object */ = {
			isa = PBXProject;
			attributes = {
				LastSwiftUpdateCheck = 1100;
				LastUpgradeCheck = 1100;
				ORGANIZATIONNAME = "Eunyeong Kim";
				TargetAttributes = {
					E99D21E622CF928B000CABCA = {
						CreatedOnToolsVersion = 11.0;
					};
					E99D21FC22CF928E000CABCA = {
						CreatedOnToolsVersion = 11.0;
						TestTargetID = E99D21E622CF928B000CABCA;
					};
				};
			};
			buildConfigurationList = E99D21E222CF928B000CABCA /* Build configuration list for PBXProject "WWDC2019" */;
			compatibilityVersion = "Xcode 9.3";
			developmentRegion = en;
			hasScannedForEncodings = 0;
			knownRegions = (
				en,
				Base,
			);
			mainGroup = E99D21DE22CF928B000CABCA;
			productRefGroup = E99D21E822CF928B000CABCA /* Products */;
			projectDirPath = "";
			projectRoot = "";
			targets = (
				E99D21E622CF928B000CABCA /* WWDC2019 */,
				E99D21FC22CF928E000CABCA /* WWDC2019Tests */,
			);
		};
/* End PBXProject section */

/* Begin PBXResourcesBuildPhase section */
		E99D21E522CF928B000CABCA /* Resources */ = {
			isa = PBXResourcesBuildPhase;
			buildActionMask = 2147483647;
			files = (
				E99D21F722CF928D000CABCA /* LaunchScreen.storyboard in Resources */,
				E932259C22CF931E0069003C /* Color.xcassets in Resources */,
				E99D21F422CF928D000CABCA /* Preview Assets.xcassets in Resources */,
				E99D21F122CF928D000CABCA /* Assets.xcassets in Resources */,
			);
			runOnlyForDeploymentPostprocessing = 0;
		};
		E99D21FB22CF928E000CABCA /* Resources */ = {
			isa = PBXResourcesBuildPhase;
			buildActionMask = 2147483647;
			files = (
			);
			runOnlyForDeploymentPostprocessing = 0;
		};
/* End PBXResourcesBuildPhase section */

/* Begin PBXSourcesBuildPhase section */
		E99D21E322CF928B000CABCA /* Sources */ = {
			isa = PBXSourcesBuildPhase;
			buildActionMask = 2147483647;
			files = (
				E93225A122D0D4580069003C /* SignInButtonView.swift in Sources */,
				E99D21EB22CF928B000CABCA /* AppDelegate.swift in Sources */,
				E99D21ED22CF928B000CABCA /* SceneDelegate.swift in Sources */,
				E93225A622D0DD6C0069003C /* DarkModeManager.swift in Sources */,
				E99D21EF22CF928B000CABCA /* MainView.swift in Sources */,
			);
			runOnlyForDeploymentPostprocessing = 0;
		};
		E99D21F922CF928E000CABCA /* Sources */ = {
			isa = PBXSourcesBuildPhase;
			buildActionMask = 2147483647;
			files = (
				E99D220222CF928E000CABCA /* WWDC2019Tests.swift in Sources */,
			);
			runOnlyForDeploymentPostprocessing = 0;
		};
/* End PBXSourcesBuildPhase section */

/* Begin PBXTargetDependency section */
		E99D21FF22CF928E000CABCA /* PBXTargetDependency */ = {
			isa = PBXTargetDependency;
			target = E99D21E622CF928B000CABCA /* WWDC2019 */;
			targetProxy = E99D21FE22CF928E000CABCA /* PBXContainerItemProxy */;
		};
/* End PBXTargetDependency section */

/* Begin PBXVariantGroup section */
		E99D21F522CF928D000CABCA /* LaunchScreen.storyboard */ = {
			isa = PBXVariantGroup;
			children = (
				E99D21F622CF928D000CABCA /* Base */,
			);
			name = LaunchScreen.storyboard;
			sourceTree = "<group>";
		};
/* End PBXVariantGroup section */

/* Begin XCBuildConfiguration section */
		E99D220422CF928E000CABCA /* Debug */ = {
			isa = XCBuildConfiguration;
			buildSettings = {
				ALWAYS_SEARCH_USER_PATHS = NO;
				CLANG_ANALYZER_NONNULL = YES;
				CLANG_ANALYZER_NUMBER_OBJECT_CONVERSION = YES_AGGRESSIVE;
				CLANG_CXX_LANGUAGE_STANDARD = "gnu++14";
				CLANG_CXX_LIBRARY = "libc++";
				CLANG_ENABLE_MODULES = YES;
				CLANG_ENABLE_OBJC_ARC = YES;
				CLANG_ENABLE_OBJC_WEAK = YES;
				CLANG_WARN_BLOCK_CAPTURE_AUTORELEASING = YES;
				CLANG_WARN_BOOL_CONVERSION = YES;
				CLANG_WARN_COMMA = YES;
				CLANG_WARN_CONSTANT_CONVERSION = YES;
				CLANG_WARN_DEPRECATED_OBJC_IMPLEMENTATIONS = YES;
				CLANG_WARN_DIRECT_OBJC_ISA_USAGE = YES_ERROR;
				CLANG_WARN_DOCUMENTATION_COMMENTS = YES;
				CLANG_WARN_EMPTY_BODY = YES;
				CLANG_WARN_ENUM_CONVERSION = YES;
				CLANG_WARN_INFINITE_RECURSION = YES;
				CLANG_WARN_INT_CONVERSION = YES;
				CLANG_WARN_NON_LITERAL_NULL_CONVERSION = YES;
				CLANG_WARN_OBJC_IMPLICIT_RETAIN_SELF = YES;
				CLANG_WARN_OBJC_LITERAL_CONVERSION = YES;
				CLANG_WARN_OBJC_ROOT_CLASS = YES_ERROR;
				CLANG_WARN_RANGE_LOOP_ANALYSIS = YES;
				CLANG_WARN_STRICT_PROTOTYPES = YES;
				CLANG_WARN_SUSPICIOUS_MOVE = YES;
				CLANG_WARN_UNGUARDED_AVAILABILITY = YES_AGGRESSIVE;
				CLANG_WARN_UNREACHABLE_CODE = YES;
				CLANG_WARN__DUPLICATE_METHOD_MATCH = YES;
				COPY_PHASE_STRIP = NO;
				DEBUG_INFORMATION_FORMAT = dwarf;
				ENABLE_STRICT_OBJC_MSGSEND = YES;
				ENABLE_TESTABILITY = YES;
				GCC_C_LANGUAGE_STANDARD = gnu11;
				GCC_DYNAMIC_NO_PIC = NO;
				GCC_NO_COMMON_BLOCKS = YES;
				GCC_OPTIMIZATION_LEVEL = 0;
				GCC_PREPROCESSOR_DEFINITIONS = (
					"DEBUG=1",
					"$(inherited)",
				);
				GCC_WARN_64_TO_32_BIT_CONVERSION = YES;
				GCC_WARN_ABOUT_RETURN_TYPE = YES_ERROR;
				GCC_WARN_UNDECLARED_SELECTOR = YES;
				GCC_WARN_UNINITIALIZED_AUTOS = YES_AGGRESSIVE;
				GCC_WARN_UNUSED_FUNCTION = YES;
				GCC_WARN_UNUSED_VARIABLE = YES;
				IPHONEOS_DEPLOYMENT_TARGET = 13.0;
				MTL_ENABLE_DEBUG_INFO = INCLUDE_SOURCE;
				MTL_FAST_MATH = YES;
				ONLY_ACTIVE_ARCH = YES;
				SDKROOT = iphoneos;
				SWIFT_ACTIVE_COMPILATION_CONDITIONS = DEBUG;
				SWIFT_OPTIMIZATION_LEVEL = "-Onone";
			};
			name = Debug;
		};
		E99D220522CF928E000CABCA /* Release */ = {
			isa = XCBuildConfiguration;
			buildSettings = {
				ALWAYS_SEARCH_USER_PATHS = NO;
				CLANG_ANALYZER_NONNULL = YES;
				CLANG_ANALYZER_NUMBER_OBJECT_CONVERSION = YES_AGGRESSIVE;
				CLANG_CXX_LANGUAGE_STANDARD = "gnu++14";
				CLANG_CXX_LIBRARY = "libc++";
				CLANG_ENABLE_MODULES = YES;
				CLANG_ENABLE_OBJC_ARC = YES;
				CLANG_ENABLE_OBJC_WEAK = YES;
				CLANG_WARN_BLOCK_CAPTURE_AUTORELEASING = YES;
				CLANG_WARN_BOOL_CONVERSION = YES;
				CLANG_WARN_COMMA = YES;
				CLANG_WARN_CONSTANT_CONVERSION = YES;
				CLANG_WARN_DEPRECATED_OBJC_IMPLEMENTATIONS = YES;
				CLANG_WARN_DIRECT_OBJC_ISA_USAGE = YES_ERROR;
				CLANG_WARN_DOCUMENTATION_COMMENTS = YES;
				CLANG_WARN_EMPTY_BODY = YES;
				CLANG_WARN_ENUM_CONVERSION = YES;
				CLANG_WARN_INFINITE_RECURSION = YES;
				CLANG_WARN_INT_CONVERSION = YES;
				CLANG_WARN_NON_LITERAL_NULL_CONVERSION = YES;
				CLANG_WARN_OBJC_IMPLICIT_RETAIN_SELF = YES;
				CLANG_WARN_OBJC_LITERAL_CONVERSION = YES;
				CLANG_WARN_OBJC_ROOT_CLASS = YES_ERROR;
				CLANG_WARN_RANGE_LOOP_ANALYSIS = YES;
				CLANG_WARN_STRICT_PROTOTYPES = YES;
				CLANG_WARN_SUSPICIOUS_MOVE = YES;
				CLANG_WARN_UNGUARDED_AVAILABILITY = YES_AGGRESSIVE;
				CLANG_WARN_UNREACHABLE_CODE = YES;
				CLANG_WARN__DUPLICATE_METHOD_MATCH = YES;
				COPY_PHASE_STRIP = NO;
				DEBUG_INFORMATION_FORMAT = "dwarf-with-dsym";
				ENABLE_NS_ASSERTIONS = NO;
				ENABLE_STRICT_OBJC_MSGSEND = YES;
				GCC_C_LANGUAGE_STANDARD = gnu11;
				GCC_NO_COMMON_BLOCKS = YES;
				GCC_WARN_64_TO_32_BIT_CONVERSION = YES;
				GCC_WARN_ABOUT_RETURN_TYPE = YES_ERROR;
				GCC_WARN_UNDECLARED_SELECTOR = YES;
				GCC_WARN_UNINITIALIZED_AUTOS = YES_AGGRESSIVE;
				GCC_WARN_UNUSED_FUNCTION = YES;
				GCC_WARN_UNUSED_VARIABLE = YES;
				IPHONEOS_DEPLOYMENT_TARGET = 13.0;
				MTL_ENABLE_DEBUG_INFO = NO;
				MTL_FAST_MATH = YES;
				SDKROOT = iphoneos;
				SWIFT_COMPILATION_MODE = wholemodule;
				SWIFT_OPTIMIZATION_LEVEL = "-O";
				VALIDATE_PRODUCT = YES;
			};
			name = Release;
		};
		E99D220722CF928E000CABCA /* Debug */ = {
			isa = XCBuildConfiguration;
			buildSettings = {
				ASSETCATALOG_COMPILER_APPICON_NAME = AppIcon;
				CODE_SIGN_ENTITLEMENTS = WWDC2019/WWDC2019.entitlements;
				CODE_SIGN_STYLE = Automatic;
				DEVELOPMENT_ASSET_PATHS = "WWDC2019/Preview\\ Content";
				DEVELOPMENT_TEAM = 8QZ5U5MR4E;
				ENABLE_PREVIEWS = YES;
				INFOPLIST_FILE = WWDC2019/Info.plist;
				LD_RUNPATH_SEARCH_PATHS = (
					"$(inherited)",
					"@executable_path/Frameworks",
				);
				PRODUCT_BUNDLE_IDENTIFIER = unnnyong.WWDC2019;
				PRODUCT_NAME = "$(TARGET_NAME)";
				SWIFT_VERSION = 5.0;
				TARGETED_DEVICE_FAMILY = "1,2";
			};
			name = Debug;
		};
		E99D220822CF928E000CABCA /* Release */ = {
			isa = XCBuildConfiguration;
			buildSettings = {
				ASSETCATALOG_COMPILER_APPICON_NAME = AppIcon;
				CODE_SIGN_ENTITLEMENTS = WWDC2019/WWDC2019.entitlements;
				CODE_SIGN_STYLE = Automatic;
				DEVELOPMENT_ASSET_PATHS = "WWDC2019/Preview\\ Content";
				DEVELOPMENT_TEAM = 8QZ5U5MR4E;
				ENABLE_PREVIEWS = YES;
				INFOPLIST_FILE = WWDC2019/Info.plist;
				LD_RUNPATH_SEARCH_PATHS = (
					"$(inherited)",
					"@executable_path/Frameworks",
				);
				PRODUCT_BUNDLE_IDENTIFIER = unnnyong.WWDC2019;
				PRODUCT_NAME = "$(TARGET_NAME)";
				SWIFT_VERSION = 5.0;
				TARGETED_DEVICE_FAMILY = "1,2";
			};
			name = Release;
		};
		E99D220A22CF928E000CABCA /* Debug */ = {
			isa = XCBuildConfiguration;
			buildSettings = {
				ALWAYS_EMBED_SWIFT_STANDARD_LIBRARIES = YES;
				BUNDLE_LOADER = "$(TEST_HOST)";
				CODE_SIGN_STYLE = Automatic;
				DEVELOPMENT_TEAM = 8QZ5U5MR4E;
				INFOPLIST_FILE = WWDC2019Tests/Info.plist;
				LD_RUNPATH_SEARCH_PATHS = (
					"$(inherited)",
					"@executable_path/Frameworks",
					"@loader_path/Frameworks",
				);
				PRODUCT_BUNDLE_IDENTIFIER = unnnyong.WWDC2019Tests;
				PRODUCT_NAME = "$(TARGET_NAME)";
				SWIFT_VERSION = 5.0;
				TARGETED_DEVICE_FAMILY = "1,2";
				TEST_HOST = "$(BUILT_PRODUCTS_DIR)/WWDC2019.app/WWDC2019";
			};
			name = Debug;
		};
		E99D220B22CF928E000CABCA /* Release */ = {
			isa = XCBuildConfiguration;
			buildSettings = {
				ALWAYS_EMBED_SWIFT_STANDARD_LIBRARIES = YES;
				BUNDLE_LOADER = "$(TEST_HOST)";
				CODE_SIGN_STYLE = Automatic;
				DEVELOPMENT_TEAM = 8QZ5U5MR4E;
				INFOPLIST_FILE = WWDC2019Tests/Info.plist;
				LD_RUNPATH_SEARCH_PATHS = (
					"$(inherited)",
					"@executable_path/Frameworks",
					"@loader_path/Frameworks",
				);
				PRODUCT_BUNDLE_IDENTIFIER = unnnyong.WWDC2019Tests;
				PRODUCT_NAME = "$(TARGET_NAME)";
				SWIFT_VERSION = 5.0;
				TARGETED_DEVICE_FAMILY = "1,2";
				TEST_HOST = "$(BUILT_PRODUCTS_DIR)/WWDC2019.app/WWDC2019";
			};
			name = Release;
		};
/* End XCBuildConfiguration section */

/* Begin XCConfigurationList section */
		E99D21E222CF928B000CABCA /* Build configuration list for PBXProject "WWDC2019" */ = {
			isa = XCConfigurationList;
			buildConfigurations = (
				E99D220422CF928E000CABCA /* Debug */,
				E99D220522CF928E000CABCA /* Release */,
			);
			defaultConfigurationIsVisible = 0;
			defaultConfigurationName = Release;
		};
		E99D220622CF928E000CABCA /* Build configuration list for PBXNativeTarget "WWDC2019" */ = {
			isa = XCConfigurationList;
			buildConfigurations = (
				E99D220722CF928E000CABCA /* Debug */,
				E99D220822CF928E000CABCA /* Release */,
			);
			defaultConfigurationIsVisible = 0;
			defaultConfigurationName = Release;
		};
		E99D220922CF928E000CABCA /* Build configuration list for PBXNativeTarget "WWDC2019Tests" */ = {
			isa = XCConfigurationList;
			buildConfigurations = (
				E99D220A22CF928E000CABCA /* Debug */,
				E99D220B22CF928E000CABCA /* Release */,
			);
			defaultConfigurationIsVisible = 0;
			defaultConfigurationName = Release;
		};
/* End XCConfigurationList section */
	};
	rootObject = E99D21DF22CF928B000CABCA /* Project object */;
}
